
Microsoft Visual Studio Solution File, Format Version 12.00
# Visual Studio Version 17
VisualStudioVersion = 17.8.34330.188
MinimumVisualStudioVersion = 10.0.40219.1
Project("{8BC9CEB8-8B4A-11D0-8D11-00A0C91BC942}") = "console_exports_printer", "console_exports_printer\console_exports_printer.vcxproj", "{65557846-0654-42D5-A0DA-AA571350E053}"
EndProject
Global
	GlobalSection(SolutionConfigurationPlatforms) = preSolution
		Debug|x64 = Debug|x64
		Debug|x86 = Debug|x86
		Release|x64 = Release|x64
		Release|x86 = Release|x86
	EndGlobalSection
	GlobalSection(ProjectConfigurationPlatforms) = postSolution
		{65557846-0654-42D5-A0DA-AA571350E053}.Debug|x64.ActiveCfg = Debug|x64
		{65557846-0654-42D5-A0DA-AA571350E053}.Debug|x64.Build.0 = Debug|x64
		{65557846-0654-42D5-A0DA-AA571350E053}.Debug|x86.ActiveCfg = Debug|Win32
		{65557846-0654-42D5-A0DA-AA571350E053}.Debug|x86.Build.0 = Debug|Win32
		{65557846-0654-42D5-A0DA-AA571350E053}.Release|x64.ActiveCfg = Release|x64
		{65557846-0654-42D5-A0DA-AA571350E053}.Release|x64.Build.0 = Release|x64
		{65557846-0654-42D5-A0DA-AA571350E053}.Release|x86.ActiveCfg = Release|Win32
		{65557846-0654-42D5-A0DA-AA571350E053}.Release|x86.Build.0 = Release|Win32
	EndGlobalSection
	GlobalSection(SolutionProperties) = preSolution
		HideSolutionNode = FALSE
	EndGlobalSection
	GlobalSection(ExtensibilityGlobals) = postSolution
		SolutionGuid = {C0868011-E7A4-4A06-AD8B-90D33726A786}
	EndGlobalSection
EndGlobal
